
Microsoft Visual Studio Solution File, Format Version 12.00
# Visual Studio 15
Project("{FAE04EC0-301F-11D3-BF4B-00C04F79EFBC}") = "Assembly-CSharp", "Assembly-CSharp.csproj", "{33AD46E8-D6E8-1351-7B68-2D8ADB4CBB6D}"
EndProject
Global
	GlobalSection(SolutionConfigurationPlatforms) = preSolution
		Debug|Any CPU = Debug|Any CPU
		Release|Any CPU = Release|Any CPU
	EndGlobalSection
	GlobalSection(ProjectConfigurationPlatforms) = postSolution
		{33AD46E8-D6E8-1351-7B68-2D8ADB4CBB6D}.Debug|Any CPU.ActiveCfg = Debug|Any CPU
		{33AD46E8-D6E8-1351-7B68-2D8ADB4CBB6D}.Debug|Any CPU.Build.0 = Debug|Any CPU
		{33AD46E8-D6E8-1351-7B68-2D8ADB4CBB6D}.Release|Any CPU.ActiveCfg = Release|Any CPU
		{33AD46E8-D6E8-1351-7B68-2D8ADB4CBB6D}.Release|Any CPU.Build.0 = Release|Any CPU
	EndGlobalSection
	GlobalSection(SolutionProperties) = preSolution
		HideSolutionNode = FALSE
	EndGlobalSection
EndGlobal
